// !$*UTF8*$!
{
	archiveVersion = 1;
	classes = {
	};
	objectVersion = 50;
	objects = {

/* Begin PBXBuildFile section */
		2B03235724A378240060E44B /* AppDelegate.swift in Sources */ = {isa = PBXBuildFile; fileRef = 2B03235624A378240060E44B /* AppDelegate.swift */; };
		2B03235924A378240060E44B /* SceneDelegate.swift in Sources */ = {isa = PBXBuildFile; fileRef = 2B03235824A378240060E44B /* SceneDelegate.swift */; };
		2B03235E24A378240060E44B /* Main.storyboard in Resources */ = {isa = PBXBuildFile; fileRef = 2B03235C24A378240060E44B /* Main.storyboard */; };
		2B03236024A378290060E44B /* Assets.xcassets in Resources */ = {isa = PBXBuildFile; fileRef = 2B03235F24A378290060E44B /* Assets.xcassets */; };
		2B03236324A378290060E44B /* LaunchScreen.storyboard in Resources */ = {isa = PBXBuildFile; fileRef = 2B03236124A378290060E44B /* LaunchScreen.storyboard */; };
		2B03236D24A37A7E0060E44B /* countries.json in Resources */ = {isa = PBXBuildFile; fileRef = 2B03236C24A37A7E0060E44B /* countries.json */; };
		2B03237024A37B410060E44B /* Country.swift in Sources */ = {isa = PBXBuildFile; fileRef = 2B03236F24A37B410060E44B /* Country.swift */; };
		2B03237224A380070060E44B /* CountryCellTableViewCell.swift in Sources */ = {isa = PBXBuildFile; fileRef = 2B03237124A380070060E44B /* CountryCellTableViewCell.swift */; };
		2B03237424A382D20060E44B /* CountriesViewController.swift in Sources */ = {isa = PBXBuildFile; fileRef = 2B03237324A382D20060E44B /* CountriesViewController.swift */; };
		2B03237A24A391E60060E44B /* NumberFormatter.swift in Sources */ = {isa = PBXBuildFile; fileRef = 2B03237924A391E60060E44B /* NumberFormatter.swift */; };
		2B54BD1624A485BE0054C0D2 /* FlagViewController.swift in Sources */ = {isa = PBXBuildFile; fileRef = 2B54BD1524A485BE0054C0D2 /* FlagViewController.swift */; };
		2B54BD1924A49B960054C0D2 /* CountrySplitViewController.swift in Sources */ = {isa = PBXBuildFile; fileRef = 2B54BD1824A49B960054C0D2 /* CountrySplitViewController.swift */; };
		2B54BD1B24A49C560054C0D2 /* EmptyViewController.swift in Sources */ = {isa = PBXBuildFile; fileRef = 2B54BD1A24A49C560054C0D2 /* EmptyViewController.swift */; };
		2B54BD1D24A49D850054C0D2 /* UIView.swift in Sources */ = {isa = PBXBuildFile; fileRef = 2B54BD1C24A49D850054C0D2 /* UIView.swift */; };
		2B54BD1F24A4A76E0054C0D2 /* UITableView.swift in Sources */ = {isa = PBXBuildFile; fileRef = 2B54BD1E24A4A76E0054C0D2 /* UITableView.swift */; };
		2B973EAA24A626CE0023F33D /* NumberFormatterTests.swift in Sources */ = {isa = PBXBuildFile; fileRef = 2B973EA924A626CE0023F33D /* NumberFormatterTests.swift */; };
		2BF09C3424AF396E0050D191 /* BaseViewController.swift in Sources */ = {isa = PBXBuildFile; fileRef = 2BF09C3324AF396E0050D191 /* BaseViewController.swift */; };
		2BF09C3624AF397F0050D191 /* UIColor.swift in Sources */ = {isa = PBXBuildFile; fileRef = 2BF09C3524AF397F0050D191 /* UIColor.swift */; };
/* End PBXBuildFile section */

/* Begin PBXContainerItemProxy section */
		2B973EA324A626400023F33D /* PBXContainerItemProxy */ = {
			isa = PBXContainerItemProxy;
			containerPortal = 2B03234B24A378240060E44B /* Project object */;
			proxyType = 1;
			remoteGlobalIDString = 2B03235224A378240060E44B;
			remoteInfo = DiffableDataSourceTestApp;
		};
/* End PBXContainerItemProxy section */

/* Begin PBXFileReference section */
		2B03235324A378240060E44B /* DiffableDataSourceTestApp.app */ = {isa = PBXFileReference; explicitFileType = wrapper.application; includeInIndex = 0; path = DiffableDataSourceTestApp.app; sourceTree = BUILT_PRODUCTS_DIR; };
		2B03235624A378240060E44B /* AppDelegate.swift */ = {isa = PBXFileReference; lastKnownFileType = sourcecode.swift; path = AppDelegate.swift; sourceTree = "<group>"; };
		2B03235824A378240060E44B /* SceneDelegate.swift */ = {isa = PBXFileReference; lastKnownFileType = sourcecode.swift; path = SceneDelegate.swift; sourceTree = "<group>"; };
		2B03235D24A378240060E44B /* Base */ = {isa = PBXFileReference; lastKnownFileType = file.storyboard; name = Base; path = Base.lproj/Main.storyboard; sourceTree = "<group>"; };
		2B03235F24A378290060E44B /* Assets.xcassets */ = {isa = PBXFileReference; lastKnownFileType = folder.assetcatalog; path = Assets.xcassets; sourceTree = "<group>"; };
		2B03236224A378290060E44B /* Base */ = {isa = PBXFileReference; lastKnownFileType = file.storyboard; name = Base; path = Base.lproj/LaunchScreen.storyboard; sourceTree = "<group>"; };
		2B03236424A378290060E44B /* Info.plist */ = {isa = PBXFileReference; lastKnownFileType = text.plist.xml; path = Info.plist; sourceTree = "<group>"; };
		2B03236C24A37A7E0060E44B /* countries.json */ = {isa = PBXFileReference; fileEncoding = 4; lastKnownFileType = text.json; path = countries.json; sourceTree = "<group>"; };
		2B03236F24A37B410060E44B /* Country.swift */ = {isa = PBXFileReference; lastKnownFileType = sourcecode.swift; path = Country.swift; sourceTree = "<group>"; };
		2B03237124A380070060E44B /* CountryCellTableViewCell.swift */ = {isa = PBXFileReference; lastKnownFileType = sourcecode.swift; path = CountryCellTableViewCell.swift; sourceTree = "<group>"; };
		2B03237324A382D20060E44B /* CountriesViewController.swift */ = {isa = PBXFileReference; lastKnownFileType = sourcecode.swift; path = CountriesViewController.swift; sourceTree = "<group>"; };
		2B03237924A391E60060E44B /* NumberFormatter.swift */ = {isa = PBXFileReference; lastKnownFileType = sourcecode.swift; path = NumberFormatter.swift; sourceTree = "<group>"; };
		2B54BD1524A485BE0054C0D2 /* FlagViewController.swift */ = {isa = PBXFileReference; lastKnownFileType = sourcecode.swift; path = FlagViewController.swift; sourceTree = "<group>"; };
		2B54BD1824A49B960054C0D2 /* CountrySplitViewController.swift */ = {isa = PBXFileReference; lastKnownFileType = sourcecode.swift; path = CountrySplitViewController.swift; sourceTree = "<group>"; };
		2B54BD1A24A49C560054C0D2 /* EmptyViewController.swift */ = {isa = PBXFileReference; lastKnownFileType = sourcecode.swift; path = EmptyViewController.swift; sourceTree = "<group>"; };
		2B54BD1C24A49D850054C0D2 /* UIView.swift */ = {isa = PBXFileReference; lastKnownFileType = sourcecode.swift; path = UIView.swift; sourceTree = "<group>"; };
		2B54BD1E24A4A76E0054C0D2 /* UITableView.swift */ = {isa = PBXFileReference; fileEncoding = 4; lastKnownFileType = sourcecode.swift; path = UITableView.swift; sourceTree = "<group>"; };
		2B973E9E24A626400023F33D /* DiffableDataSourceTestAppTests.xctest */ = {isa = PBXFileReference; explicitFileType = wrapper.cfbundle; includeInIndex = 0; path = DiffableDataSourceTestAppTests.xctest; sourceTree = BUILT_PRODUCTS_DIR; };
		2B973EA224A626400023F33D /* Info.plist */ = {isa = PBXFileReference; lastKnownFileType = text.plist.xml; path = Info.plist; sourceTree = "<group>"; };
		2B973EA924A626CE0023F33D /* NumberFormatterTests.swift */ = {isa = PBXFileReference; lastKnownFileType = sourcecode.swift; path = NumberFormatterTests.swift; sourceTree = "<group>"; };
		2BF09C3324AF396E0050D191 /* BaseViewController.swift */ = {isa = PBXFileReference; lastKnownFileType = sourcecode.swift; path = BaseViewController.swift; sourceTree = "<group>"; };
		2BF09C3524AF397F0050D191 /* UIColor.swift */ = {isa = PBXFileReference; lastKnownFileType = sourcecode.swift; path = UIColor.swift; sourceTree = "<group>"; };
/* End PBXFileReference section */

/* Begin PBXFrameworksBuildPhase section */
		2B03235024A378240060E44B /* Frameworks */ = {
			isa = PBXFrameworksBuildPhase;
			buildActionMask = 2147483647;
			files = (
			);
			runOnlyForDeploymentPostprocessing = 0;
		};
		2B973E9B24A626400023F33D /* Frameworks */ = {
			isa = PBXFrameworksBuildPhase;
			buildActionMask = 2147483647;
			files = (
			);
			runOnlyForDeploymentPostprocessing = 0;
		};
/* End PBXFrameworksBuildPhase section */

/* Begin PBXGroup section */
		2B03234A24A378240060E44B = {
			isa = PBXGroup;
			children = (
				2B03235524A378240060E44B /* DiffableDataSourceTestApp */,
				2B973E9F24A626400023F33D /* DiffableDataSourceTestAppTests */,
				2B03235424A378240060E44B /* Products */,
			);
			sourceTree = "<group>";
		};
		2B03235424A378240060E44B /* Products */ = {
			isa = PBXGroup;
			children = (
				2B03235324A378240060E44B /* DiffableDataSourceTestApp.app */,
				2B973E9E24A626400023F33D /* DiffableDataSourceTestAppTests.xctest */,
			);
			name = Products;
			sourceTree = "<group>";
		};
		2B03235524A378240060E44B /* DiffableDataSourceTestApp */ = {
			isa = PBXGroup;
			children = (
				2B03237824A391D60060E44B /* Extensions */,
				2B03236E24A37A910060E44B /* Models */,
				2B03236A24A378610060E44B /* Controllers */,
				2B03236B24A378690060E44B /* Resources */,
				2B03235624A378240060E44B /* AppDelegate.swift */,
				2B03235824A378240060E44B /* SceneDelegate.swift */,
				2B03235C24A378240060E44B /* Main.storyboard */,
				2B03235F24A378290060E44B /* Assets.xcassets */,
				2B03236124A378290060E44B /* LaunchScreen.storyboard */,
				2B03236424A378290060E44B /* Info.plist */,
			);
			path = DiffableDataSourceTestApp;
			sourceTree = "<group>";
		};
		2B03236A24A378610060E44B /* Controllers */ = {
			isa = PBXGroup;
			children = (
				2B54BD1724A49B450054C0D2 /* Country */,
				2BF09C3324AF396E0050D191 /* BaseViewController.swift */,
			);
			path = Controllers;
			sourceTree = "<group>";
		};
		2B03236B24A378690060E44B /* Resources */ = {
			isa = PBXGroup;
			children = (
				2B03236C24A37A7E0060E44B /* countries.json */,
			);
			path = Resources;
			sourceTree = "<group>";
		};
		2B03236E24A37A910060E44B /* Models */ = {
			isa = PBXGroup;
			children = (
				2B03236F24A37B410060E44B /* Country.swift */,
			);
			path = Models;
			sourceTree = "<group>";
		};
		2B03237824A391D60060E44B /* Extensions */ = {
			isa = PBXGroup;
			children = (
				2B54BD1E24A4A76E0054C0D2 /* UITableView.swift */,
				2B03237924A391E60060E44B /* NumberFormatter.swift */,
				2B54BD1C24A49D850054C0D2 /* UIView.swift */,
				2BF09C3524AF397F0050D191 /* UIColor.swift */,
			);
			path = Extensions;
			sourceTree = "<group>";
		};
		2B15BC9724A47E8600022177 /* CountrySearch */ = {
			isa = PBXGroup;
			children = (
				2B03237124A380070060E44B /* CountryCellTableViewCell.swift */,
				2B03237324A382D20060E44B /* CountriesViewController.swift */,
			);
			path = CountrySearch;
			sourceTree = "<group>";
		};
		2B54BD1424A485A60054C0D2 /* FlagController */ = {
			isa = PBXGroup;
			children = (
				2B54BD1524A485BE0054C0D2 /* FlagViewController.swift */,
			);
			path = FlagController;
			sourceTree = "<group>";
		};
		2B54BD1724A49B450054C0D2 /* Country */ = {
			isa = PBXGroup;
			children = (
				2B54BD1424A485A60054C0D2 /* FlagController */,
				2B15BC9724A47E8600022177 /* CountrySearch */,
				2B54BD1824A49B960054C0D2 /* CountrySplitViewController.swift */,
				2B54BD1A24A49C560054C0D2 /* EmptyViewController.swift */,
			);
			path = Country;
			sourceTree = "<group>";
		};
		2B973E9F24A626400023F33D /* DiffableDataSourceTestAppTests */ = {
			isa = PBXGroup;
			children = (
				2B973EA824A626940023F33D /* Extensions */,
				2B973EA224A626400023F33D /* Info.plist */,
			);
			path = DiffableDataSourceTestAppTests;
			sourceTree = "<group>";
		};
		2B973EA824A626940023F33D /* Extensions */ = {
			isa = PBXGroup;
			children = (
				2B973EA924A626CE0023F33D /* NumberFormatterTests.swift */,
			);
			path = Extensions;
			sourceTree = "<group>";
		};
/* End PBXGroup section */

/* Begin PBXNativeTarget section */
		2B03235224A378240060E44B /* DiffableDataSourceTestApp */ = {
			isa = PBXNativeTarget;
			buildConfigurationList = 2B03236724A378290060E44B /* Build configuration list for PBXNativeTarget "DiffableDataSourceTestApp" */;
			buildPhases = (
				2B03234F24A378240060E44B /* Sources */,
				2B03235024A378240060E44B /* Frameworks */,
				2B03235124A378240060E44B /* Resources */,
				2BEF5FEF24B47BF200E78E5D /* SwiftLint */,
			);
			buildRules = (
			);
			dependencies = (
			);
			name = DiffableDataSourceTestApp;
			packageProductDependencies = (
			);
			productName = DiffableDataSourceTestApp;
			productReference = 2B03235324A378240060E44B /* DiffableDataSourceTestApp.app */;
			productType = "com.apple.product-type.application";
		};
		2B973E9D24A626400023F33D /* DiffableDataSourceTestAppTests */ = {
			isa = PBXNativeTarget;
			buildConfigurationList = 2B973EA524A626410023F33D /* Build configuration list for PBXNativeTarget "DiffableDataSourceTestAppTests" */;
			buildPhases = (
				2B973E9A24A626400023F33D /* Sources */,
				2B973E9B24A626400023F33D /* Frameworks */,
				2B973E9C24A626400023F33D /* Resources */,
			);
			buildRules = (
			);
			dependencies = (
				2B973EA424A626400023F33D /* PBXTargetDependency */,
			);
			name = DiffableDataSourceTestAppTests;
			productName = DiffableDataSourceTestAppTests;
			productReference = 2B973E9E24A626400023F33D /* DiffableDataSourceTestAppTests.xctest */;
			productType = "com.apple.product-type.bundle.unit-test";
		};
/* End PBXNativeTarget section */

/* Begin PBXProject section */
		2B03234B24A378240060E44B /* Project object */ = {
			isa = PBXProject;
			attributes = {
				LastSwiftUpdateCheck = 1150;
				LastUpgradeCheck = 1150;
				ORGANIZATIONNAME = "Goran Tokovic";
				TargetAttributes = {
					2B03235224A378240060E44B = {
						CreatedOnToolsVersion = 11.5;
					};
					2B973E9D24A626400023F33D = {
						CreatedOnToolsVersion = 11.5;
						TestTargetID = 2B03235224A378240060E44B;
					};
				};
			};
			buildConfigurationList = 2B03234E24A378240060E44B /* Build configuration list for PBXProject "DiffableDataSourceTestApp" */;
			compatibilityVersion = "Xcode 9.3";
			developmentRegion = en;
			hasScannedForEncodings = 0;
			knownRegions = (
				en,
				Base,
			);
			mainGroup = 2B03234A24A378240060E44B;
			packageReferences = (
			);
			productRefGroup = 2B03235424A378240060E44B /* Products */;
			projectDirPath = "";
			projectRoot = "";
			targets = (
				2B03235224A378240060E44B /* DiffableDataSourceTestApp */,
				2B973E9D24A626400023F33D /* DiffableDataSourceTestAppTests */,
			);
		};
/* End PBXProject section */

/* Begin PBXResourcesBuildPhase section */
		2B03235124A378240060E44B /* Resources */ = {
			isa = PBXResourcesBuildPhase;
			buildActionMask = 2147483647;
			files = (
				2B03236324A378290060E44B /* LaunchScreen.storyboard in Resources */,
				2B03236024A378290060E44B /* Assets.xcassets in Resources */,
				2B03236D24A37A7E0060E44B /* countries.json in Resources */,
				2B03235E24A378240060E44B /* Main.storyboard in Resources */,
			);
			runOnlyForDeploymentPostprocessing = 0;
		};
		2B973E9C24A626400023F33D /* Resources */ = {
			isa = PBXResourcesBuildPhase;
			buildActionMask = 2147483647;
			files = (
			);
			runOnlyForDeploymentPostprocessing = 0;
		};
/* End PBXResourcesBuildPhase section */

/* Begin PBXShellScriptBuildPhase section */
		2BEF5FEF24B47BF200E78E5D /* SwiftLint */ = {
			isa = PBXShellScriptBuildPhase;
			buildActionMask = 2147483647;
			files = (
			);
			inputFileListPaths = (
			);
			inputPaths = (
			);
			name = SwiftLint;
			outputFileListPaths = (
			);
			outputPaths = (
			);
			runOnlyForDeploymentPostprocessing = 0;
			shellPath = /bin/sh;
			shellScript = "if which swiftlint >/dev/null; then\n  swiftlint\nelse\n  echo \"warning: SwiftLint not installed, download from https://github.com/realm/SwiftLint\"\nfi\n";
		};
/* End PBXShellScriptBuildPhase section */

/* Begin PBXSourcesBuildPhase section */
		2B03234F24A378240060E44B /* Sources */ = {
			isa = PBXSourcesBuildPhase;
			buildActionMask = 2147483647;
			files = (
				2B54BD1D24A49D850054C0D2 /* UIView.swift in Sources */,
				2B03237224A380070060E44B /* CountryCellTableViewCell.swift in Sources */,
				2B03235724A378240060E44B /* AppDelegate.swift in Sources */,
				2B03237024A37B410060E44B /* Country.swift in Sources */,
				2B03235924A378240060E44B /* SceneDelegate.swift in Sources */,
				2BF09C3424AF396E0050D191 /* BaseViewController.swift in Sources */,
				2B54BD1924A49B960054C0D2 /* CountrySplitViewController.swift in Sources */,
				2B54BD1624A485BE0054C0D2 /* FlagViewController.swift in Sources */,
				2B54BD1F24A4A76E0054C0D2 /* UITableView.swift in Sources */,
				2BF09C3624AF397F0050D191 /* UIColor.swift in Sources */,
				2B54BD1B24A49C560054C0D2 /* EmptyViewController.swift in Sources */,
				2B03237A24A391E60060E44B /* NumberFormatter.swift in Sources */,
				2B03237424A382D20060E44B /* CountriesViewController.swift in Sources */,
			);
			runOnlyForDeploymentPostprocessing = 0;
		};
		2B973E9A24A626400023F33D /* Sources */ = {
			isa = PBXSourcesBuildPhase;
			buildActionMask = 2147483647;
			files = (
				2B973EAA24A626CE0023F33D /* NumberFormatterTests.swift in Sources */,
			);
			runOnlyForDeploymentPostprocessing = 0;
		};
/* End PBXSourcesBuildPhase section */

/* Begin PBXTargetDependency section */
		2B973EA424A626400023F33D /* PBXTargetDependency */ = {
			isa = PBXTargetDependency;
			target = 2B03235224A378240060E44B /* DiffableDataSourceTestApp */;
			targetProxy = 2B973EA324A626400023F33D /* PBXContainerItemProxy */;
		};
/* End PBXTargetDependency section */

/* Begin PBXVariantGroup section */
		2B03235C24A378240060E44B /* Main.storyboard */ = {
			isa = PBXVariantGroup;
			children = (
				2B03235D24A378240060E44B /* Base */,
			);
			name = Main.storyboard;
			sourceTree = "<group>";
		};
		2B03236124A378290060E44B /* LaunchScreen.storyboard */ = {
			isa = PBXVariantGroup;
			children = (
				2B03236224A378290060E44B /* Base */,
			);
			name = LaunchScreen.storyboard;
			sourceTree = "<group>";
		};
/* End PBXVariantGroup section */

/* Begin XCBuildConfiguration section */
		2B03236524A378290060E44B /* Debug */ = {
			isa = XCBuildConfiguration;
			buildSettings = {
				ALWAYS_SEARCH_USER_PATHS = NO;
				CLANG_ANALYZER_NONNULL = YES;
				CLANG_ANALYZER_NUMBER_OBJECT_CONVERSION = YES_AGGRESSIVE;
				CLANG_CXX_LANGUAGE_STANDARD = "gnu++14";
				CLANG_CXX_LIBRARY = "libc++";
				CLANG_ENABLE_MODULES = YES;
				CLANG_ENABLE_OBJC_ARC = YES;
				CLANG_ENABLE_OBJC_WEAK = YES;
				CLANG_WARN_BLOCK_CAPTURE_AUTORELEASING = YES;
				CLANG_WARN_BOOL_CONVERSION = YES;
				CLANG_WARN_COMMA = YES;
				CLANG_WARN_CONSTANT_CONVERSION = YES;
				CLANG_WARN_DEPRECATED_OBJC_IMPLEMENTATIONS = YES;
				CLANG_WARN_DIRECT_OBJC_ISA_USAGE = YES_ERROR;
				CLANG_WARN_DOCUMENTATION_COMMENTS = YES;
				CLANG_WARN_EMPTY_BODY = YES;
				CLANG_WARN_ENUM_CONVERSION = YES;
				CLANG_WARN_INFINITE_RECURSION = YES;
				CLANG_WARN_INT_CONVERSION = YES;
				CLANG_WARN_NON_LITERAL_NULL_CONVERSION = YES;
				CLANG_WARN_OBJC_IMPLICIT_RETAIN_SELF = YES;
				CLANG_WARN_OBJC_LITERAL_CONVERSION = YES;
				CLANG_WARN_OBJC_ROOT_CLASS = YES_ERROR;
				CLANG_WARN_RANGE_LOOP_ANALYSIS = YES;
				CLANG_WARN_STRICT_PROTOTYPES = YES;
				CLANG_WARN_SUSPICIOUS_MOVE = YES;
				CLANG_WARN_UNGUARDED_AVAILABILITY = YES_AGGRESSIVE;
				CLANG_WARN_UNREACHABLE_CODE = YES;
				CLANG_WARN__DUPLICATE_METHOD_MATCH = YES;
				COPY_PHASE_STRIP = NO;
				DEBUG_INFORMATION_FORMAT = dwarf;
				ENABLE_STRICT_OBJC_MSGSEND = YES;
				ENABLE_TESTABILITY = YES;
				GCC_C_LANGUAGE_STANDARD = gnu11;
				GCC_DYNAMIC_NO_PIC = NO;
				GCC_NO_COMMON_BLOCKS = YES;
				GCC_OPTIMIZATION_LEVEL = 0;
				GCC_PREPROCESSOR_DEFINITIONS = (
					"DEBUG=1",
					"$(inherited)",
				);
				GCC_WARN_64_TO_32_BIT_CONVERSION = YES;
				GCC_WARN_ABOUT_RETURN_TYPE = YES_ERROR;
				GCC_WARN_UNDECLARED_SELECTOR = YES;
				GCC_WARN_UNINITIALIZED_AUTOS = YES_AGGRESSIVE;
				GCC_WARN_UNUSED_FUNCTION = YES;
				GCC_WARN_UNUSED_VARIABLE = YES;
				IPHONEOS_DEPLOYMENT_TARGET = 13.5;
				MTL_ENABLE_DEBUG_INFO = INCLUDE_SOURCE;
				MTL_FAST_MATH = YES;
				ONLY_ACTIVE_ARCH = YES;
				SDKROOT = iphoneos;
				SWIFT_ACTIVE_COMPILATION_CONDITIONS = DEBUG;
				SWIFT_OPTIMIZATION_LEVEL = "-Onone";
			};
			name = Debug;
		};
		2B03236624A378290060E44B /* Release */ = {
			isa = XCBuildConfiguration;
			buildSettings = {
				ALWAYS_SEARCH_USER_PATHS = NO;
				CLANG_ANALYZER_NONNULL = YES;
				CLANG_ANALYZER_NUMBER_OBJECT_CONVERSION = YES_AGGRESSIVE;
				CLANG_CXX_LANGUAGE_STANDARD = "gnu++14";
				CLANG_CXX_LIBRARY = "libc++";
				CLANG_ENABLE_MODULES = YES;
				CLANG_ENABLE_OBJC_ARC = YES;
				CLANG_ENABLE_OBJC_WEAK = YES;
				CLANG_WARN_BLOCK_CAPTURE_AUTORELEASING = YES;
				CLANG_WARN_BOOL_CONVERSION = YES;
				CLANG_WARN_COMMA = YES;
				CLANG_WARN_CONSTANT_CONVERSION = YES;
				CLANG_WARN_DEPRECATED_OBJC_IMPLEMENTATIONS = YES;
				CLANG_WARN_DIRECT_OBJC_ISA_USAGE = YES_ERROR;
				CLANG_WARN_DOCUMENTATION_COMMENTS = YES;
				CLANG_WARN_EMPTY_BODY = YES;
				CLANG_WARN_ENUM_CONVERSION = YES;
				CLANG_WARN_INFINITE_RECURSION = YES;
				CLANG_WARN_INT_CONVERSION = YES;
				CLANG_WARN_NON_LITERAL_NULL_CONVERSION = YES;
				CLANG_WARN_OBJC_IMPLICIT_RETAIN_SELF = YES;
				CLANG_WARN_OBJC_LITERAL_CONVERSION = YES;
				CLANG_WARN_OBJC_ROOT_CLASS = YES_ERROR;
				CLANG_WARN_RANGE_LOOP_ANALYSIS = YES;
				CLANG_WARN_STRICT_PROTOTYPES = YES;
				CLANG_WARN_SUSPICIOUS_MOVE = YES;
				CLANG_WARN_UNGUARDED_AVAILABILITY = YES_AGGRESSIVE;
				CLANG_WARN_UNREACHABLE_CODE = YES;
				CLANG_WARN__DUPLICATE_METHOD_MATCH = YES;
				COPY_PHASE_STRIP = NO;
				DEBUG_INFORMATION_FORMAT = "dwarf-with-dsym";
				ENABLE_NS_ASSERTIONS = NO;
				ENABLE_STRICT_OBJC_MSGSEND = YES;
				GCC_C_LANGUAGE_STANDARD = gnu11;
				GCC_NO_COMMON_BLOCKS = YES;
				GCC_WARN_64_TO_32_BIT_CONVERSION = YES;
				GCC_WARN_ABOUT_RETURN_TYPE = YES_ERROR;
				GCC_WARN_UNDECLARED_SELECTOR = YES;
				GCC_WARN_UNINITIALIZED_AUTOS = YES_AGGRESSIVE;
				GCC_WARN_UNUSED_FUNCTION = YES;
				GCC_WARN_UNUSED_VARIABLE = YES;
				IPHONEOS_DEPLOYMENT_TARGET = 13.5;
				MTL_ENABLE_DEBUG_INFO = NO;
				MTL_FAST_MATH = YES;
				SDKROOT = iphoneos;
				SWIFT_COMPILATION_MODE = wholemodule;
				SWIFT_OPTIMIZATION_LEVEL = "-O";
				VALIDATE_PRODUCT = YES;
			};
			name = Release;
		};
		2B03236824A378290060E44B /* Debug */ = {
			isa = XCBuildConfiguration;
			buildSettings = {
				ASSETCATALOG_COMPILER_APPICON_NAME = AppIcon;
				CODE_SIGN_STYLE = Automatic;
				DEVELOPMENT_TEAM = QP79MUYYJA;
				INFOPLIST_FILE = DiffableDataSourceTestApp/Info.plist;
				LD_RUNPATH_SEARCH_PATHS = (
					"$(inherited)",
					"@executable_path/Frameworks",
				);
				PRODUCT_BUNDLE_IDENTIFIER = com.digitalatrium.ci.test.app;
				PRODUCT_NAME = "$(TARGET_NAME)";
				SWIFT_VERSION = 5.0;
				TARGETED_DEVICE_FAMILY = "1,2";
			};
			name = Debug;
		};
		2B03236924A378290060E44B /* Release */ = {
			isa = XCBuildConfiguration;
			buildSettings = {
				ASSETCATALOG_COMPILER_APPICON_NAME = AppIcon;
				CODE_SIGN_STYLE = Automatic;
				DEVELOPMENT_TEAM = QP79MUYYJA;
				INFOPLIST_FILE = DiffableDataSourceTestApp/Info.plist;
				LD_RUNPATH_SEARCH_PATHS = (
					"$(inherited)",
					"@executable_path/Frameworks",
				);
				PRODUCT_BUNDLE_IDENTIFIER = com.digitalatrium.ci.test.app;
				PRODUCT_NAME = "$(TARGET_NAME)";
				SWIFT_VERSION = 5.0;
				TARGETED_DEVICE_FAMILY = "1,2";
			};
			name = Release;
		};
		2B973EA624A626410023F33D /* Debug */ = {
			isa = XCBuildConfiguration;
			buildSettings = {
				BUNDLE_LOADER = "$(TEST_HOST)";
				CODE_SIGN_STYLE = Automatic;
				DEVELOPMENT_TEAM = Y5A2X83345;
				INFOPLIST_FILE = DiffableDataSourceTestAppTests/Info.plist;
				LD_RUNPATH_SEARCH_PATHS = (
					"$(inherited)",
					"@executable_path/Frameworks",
					"@loader_path/Frameworks",
				);
				PRODUCT_BUNDLE_IDENTIFIER = com.goran.DiffableDataSourceTestAppTests;
				PRODUCT_NAME = "$(TARGET_NAME)";
				SWIFT_VERSION = 5.0;
				TARGETED_DEVICE_FAMILY = "1,2";
				TEST_HOST = "$(BUILT_PRODUCTS_DIR)/DiffableDataSourceTestApp.app/DiffableDataSourceTestApp";
			};
			name = Debug;
		};
		2B973EA724A626410023F33D /* Release */ = {
			isa = XCBuildConfiguration;
			buildSettings = {
				BUNDLE_LOADER = "$(TEST_HOST)";
				CODE_SIGN_STYLE = Automatic;
				DEVELOPMENT_TEAM = Y5A2X83345;
				INFOPLIST_FILE = DiffableDataSourceTestAppTests/Info.plist;
				LD_RUNPATH_SEARCH_PATHS = (
					"$(inherited)",
					"@executable_path/Frameworks",
					"@loader_path/Frameworks",
				);
				PRODUCT_BUNDLE_IDENTIFIER = com.goran.DiffableDataSourceTestAppTests;
				PRODUCT_NAME = "$(TARGET_NAME)";
				SWIFT_VERSION = 5.0;
				TARGETED_DEVICE_FAMILY = "1,2";
				TEST_HOST = "$(BUILT_PRODUCTS_DIR)/DiffableDataSourceTestApp.app/DiffableDataSourceTestApp";
			};
			name = Release;
		};
/* End XCBuildConfiguration section */

/* Begin XCConfigurationList section */
		2B03234E24A378240060E44B /* Build configuration list for PBXProject "DiffableDataSourceTestApp" */ = {
			isa = XCConfigurationList;
			buildConfigurations = (
				2B03236524A378290060E44B /* Debug */,
				2B03236624A378290060E44B /* Release */,
			);
			defaultConfigurationIsVisible = 0;
			defaultConfigurationName = Release;
		};
		2B03236724A378290060E44B /* Build configuration list for PBXNativeTarget "DiffableDataSourceTestApp" */ = {
			isa = XCConfigurationList;
			buildConfigurations = (
				2B03236824A378290060E44B /* Debug */,
				2B03236924A378290060E44B /* Release */,
			);
			defaultConfigurationIsVisible = 0;
			defaultConfigurationName = Release;
		};
		2B973EA524A626410023F33D /* Build configuration list for PBXNativeTarget "DiffableDataSourceTestAppTests" */ = {
			isa = XCConfigurationList;
			buildConfigurations = (
				2B973EA624A626410023F33D /* Debug */,
				2B973EA724A626410023F33D /* Release */,
			);
			defaultConfigurationIsVisible = 0;
			defaultConfigurationName = Release;
		};
/* End XCConfigurationList section */
	};
	rootObject = 2B03234B24A378240060E44B /* Project object */;
}
